
Microsoft Visual Studio Solution File, Format Version 12.00
Project("{FAE04EC0-301F-11D3-BF4B-00C04F79EFBC}") = "PR1", "PR1\PR1.csproj", "{E85AC4C5-5848-4B24-BF87-1322912B3A77}"
EndProject
Project("{FAE04EC0-301F-11D3-BF4B-00C04F79EFBC}") = "PR2", "PR2\PR2.csproj", "{7C5A714F-9336-4B1A-A4CD-C3C9B9B110AA}"
EndProject
Project("{FAE04EC0-301F-11D3-BF4B-00C04F79EFBC}") = "PR3", "PR3\PR3.csproj", "{19AF5543-F6DD-4371-A5D0-F178F221E457}"
EndProject
Project("{FAE04EC0-301F-11D3-BF4B-00C04F79EFBC}") = "PR4", "PR4\PR4.csproj", "{A467F262-DA77-4165-9C85-29D859026E73}"
EndProject
Project("{FAE04EC0-301F-11D3-BF4B-00C04F79EFBC}") = "PR5", "PR5\PR5.csproj", "{08C5DF50-A89C-49B9-B99B-7F3023688BD3}"
EndProject
Project("{FAE04EC0-301F-11D3-BF4B-00C04F79EFBC}") = "PR6", "PR6\PR6.csproj", "{DF052BB8-047A-45B6-9DE1-638B94213714}"
EndProject
Global
	GlobalSection(SolutionConfigurationPlatforms) = preSolution
		Debug|Any CPU = Debug|Any CPU
		Release|Any CPU = Release|Any CPU
	EndGlobalSection
	GlobalSection(ProjectConfigurationPlatforms) = postSolution
		{E85AC4C5-5848-4B24-BF87-1322912B3A77}.Debug|Any CPU.ActiveCfg = Debug|Any CPU
		{E85AC4C5-5848-4B24-BF87-1322912B3A77}.Debug|Any CPU.Build.0 = Debug|Any CPU
		{E85AC4C5-5848-4B24-BF87-1322912B3A77}.Release|Any CPU.ActiveCfg = Release|Any CPU
		{E85AC4C5-5848-4B24-BF87-1322912B3A77}.Release|Any CPU.Build.0 = Release|Any CPU
		{7C5A714F-9336-4B1A-A4CD-C3C9B9B110AA}.Debug|Any CPU.ActiveCfg = Debug|Any CPU
		{7C5A714F-9336-4B1A-A4CD-C3C9B9B110AA}.Debug|Any CPU.Build.0 = Debug|Any CPU
		{7C5A714F-9336-4B1A-A4CD-C3C9B9B110AA}.Release|Any CPU.ActiveCfg = Release|Any CPU
		{7C5A714F-9336-4B1A-A4CD-C3C9B9B110AA}.Release|Any CPU.Build.0 = Release|Any CPU
		{19AF5543-F6DD-4371-A5D0-F178F221E457}.Debug|Any CPU.ActiveCfg = Debug|Any CPU
		{19AF5543-F6DD-4371-A5D0-F178F221E457}.Debug|Any CPU.Build.0 = Debug|Any CPU
		{19AF5543-F6DD-4371-A5D0-F178F221E457}.Release|Any CPU.ActiveCfg = Release|Any CPU
		{19AF5543-F6DD-4371-A5D0-F178F221E457}.Release|Any CPU.Build.0 = Release|Any CPU
		{A467F262-DA77-4165-9C85-29D859026E73}.Debug|Any CPU.ActiveCfg = Debug|Any CPU
		{A467F262-DA77-4165-9C85-29D859026E73}.Debug|Any CPU.Build.0 = Debug|Any CPU
		{A467F262-DA77-4165-9C85-29D859026E73}.Release|Any CPU.ActiveCfg = Release|Any CPU
		{A467F262-DA77-4165-9C85-29D859026E73}.Release|Any CPU.Build.0 = Release|Any CPU
		{08C5DF50-A89C-49B9-B99B-7F3023688BD3}.Debug|Any CPU.ActiveCfg = Debug|Any CPU
		{08C5DF50-A89C-49B9-B99B-7F3023688BD3}.Debug|Any CPU.Build.0 = Debug|Any CPU
		{08C5DF50-A89C-49B9-B99B-7F3023688BD3}.Release|Any CPU.ActiveCfg = Release|Any CPU
		{08C5DF50-A89C-49B9-B99B-7F3023688BD3}.Release|Any CPU.Build.0 = Release|Any CPU
		{DF052BB8-047A-45B6-9DE1-638B94213714}.Debug|Any CPU.ActiveCfg = Debug|Any CPU
		{DF052BB8-047A-45B6-9DE1-638B94213714}.Debug|Any CPU.Build.0 = Debug|Any CPU
		{DF052BB8-047A-45B6-9DE1-638B94213714}.Release|Any CPU.ActiveCfg = Release|Any CPU
		{DF052BB8-047A-45B6-9DE1-638B94213714}.Release|Any CPU.Build.0 = Release|Any CPU
	EndGlobalSection
EndGlobal
